
Microsoft Visual Studio Solution File, Format Version 12.00
# Visual Studio 2013
VisualStudioVersion = 12.0.21005.1
MinimumVisualStudioVersion = 10.0.40219.1
Project("{FAE04EC0-301F-11D3-BF4B-00C04F79EFBC}") = "OurSchool", "OurSchool\OurSchool.csproj", "{227E4E1A-D8BB-496C-92AA-AE7A38888BB5}"
EndProject
Project("{FAE04EC0-301F-11D3-BF4B-00C04F79EFBC}") = "DataAccess", "DataAccess\DataAccess.csproj", "{7D91D874-2C2D-4FFD-BB50-84B1E67666CC}"
EndProject
Global
	GlobalSection(SolutionConfigurationPlatforms) = preSolution
		Debug|Any CPU = Debug|Any CPU
		Release|Any CPU = Release|Any CPU
	EndGlobalSection
	GlobalSection(ProjectConfigurationPlatforms) = postSolution
		{227E4E1A-D8BB-496C-92AA-AE7A38888BB5}.Debug|Any CPU.ActiveCfg = Debug|Any CPU
		{227E4E1A-D8BB-496C-92AA-AE7A38888BB5}.Debug|Any CPU.Build.0 = Debug|Any CPU
		{227E4E1A-D8BB-496C-92AA-AE7A38888BB5}.Release|Any CPU.ActiveCfg = Release|Any CPU
		{227E4E1A-D8BB-496C-92AA-AE7A38888BB5}.Release|Any CPU.Build.0 = Release|Any CPU
		{7D91D874-2C2D-4FFD-BB50-84B1E67666CC}.Debug|Any CPU.ActiveCfg = Debug|Any CPU
		{7D91D874-2C2D-4FFD-BB50-84B1E67666CC}.Debug|Any CPU.Build.0 = Debug|Any CPU
		{7D91D874-2C2D-4FFD-BB50-84B1E67666CC}.Release|Any CPU.ActiveCfg = Release|Any CPU
		{7D91D874-2C2D-4FFD-BB50-84B1E67666CC}.Release|Any CPU.Build.0 = Release|Any CPU
	EndGlobalSection
	GlobalSection(SolutionProperties) = preSolution
		HideSolutionNode = FALSE
	EndGlobalSection
EndGlobal
